# This file is automatically @generated by Cargo.
# It is not intended for manual editing.
version = 3

[[package]]
name = "lazy_static"
version = "1.4.0"
source = "registry+https://github.com/rust-lang/crates.io-index"
checksum = "e2abad23fbc42b3700f2f279844dc832adb2b2eb069b2df918f455c4e18cc646"

[[package]]
name = "libc"
version = "0.2.103"
source = "registry+https://github.com/rust-lang/crates.io-index"
checksum = "dd8f7255a17a627354f321ef0055d63b898c6fb27eff628af4d1b66b7331edf6"

[[package]]
name = "ruby"
version = "0.1.0"
dependencies = [
 "rutie",
]

[[package]]
name = "rutie"
version = "0.8.3"
source = "registry+https://github.com/rust-lang/crates.io-index"
checksum = "0d81d2a2dec78b6202e8058dea842a39a65135ce8915e66e40d3935f12e52346"
dependencies = [
 "lazy_static",
 "libc",
]
